
Microsoft Visual Studio Solution File, Format Version 12.00
# Visual Studio Version 16
VisualStudioVersion = 16.0.29102.190
MinimumVisualStudioVersion = 10.0.40219.1
Project("{FAE04EC0-301F-11D3-BF4B-00C04F79EFBC}") = "MiniITXStore", "MiniITXStore.csproj", "{6A7146B0-28E9-4610-9688-97ADF80A6D0D}"
EndProject
Global
	GlobalSection(SolutionConfigurationPlatforms) = preSolution
		Debug|Any CPU = Debug|Any CPU
		Release|Any CPU = Release|Any CPU
	EndGlobalSection
	GlobalSection(ProjectConfigurationPlatforms) = postSolution
		{6A7146B0-28E9-4610-9688-97ADF80A6D0D}.Debug|Any CPU.ActiveCfg = Debug|Any CPU
		{6A7146B0-28E9-4610-9688-97ADF80A6D0D}.Debug|Any CPU.Build.0 = Debug|Any CPU
		{6A7146B0-28E9-4610-9688-97ADF80A6D0D}.Release|Any CPU.ActiveCfg = Release|Any CPU
		{6A7146B0-28E9-4610-9688-97ADF80A6D0D}.Release|Any CPU.Build.0 = Release|Any CPU
	EndGlobalSection
	GlobalSection(SolutionProperties) = preSolution
		HideSolutionNode = FALSE
	EndGlobalSection
	GlobalSection(ExtensibilityGlobals) = postSolution
		SolutionGuid = {D442C0B0-6847-4682-8863-D503A51D66B2}
	EndGlobalSection
EndGlobal
